
Microsoft Visual Studio Solution File, Format Version 12.00
# Visual Studio Version 17
VisualStudioVersion = 17.8.34330.188
MinimumVisualStudioVersion = 10.0.40219.1
Project("{9A19103F-16F7-4668-BE54-9A1E7A4F7556}") = "BallGameWinFormsApp", "BallGameWinFormsApp\BallGameWinFormsApp.csproj", "{DCE91BE9-510F-4EF7-B295-40E69119FFF0}"
EndProject
Project("{9A19103F-16F7-4668-BE54-9A1E7A4F7556}") = "CatchMeWinFormsApp", "CatchMeWinFormsApp\CatchMeWinFormsApp.csproj", "{BE2E1FD0-D85E-4E14-AC33-99046BC06596}"
EndProject
Project("{FAE04EC0-301F-11D3-BF4B-00C04F79EFBC}") = "BallsWinFormsLibrary", "BallsWinFormsLibrary\BallsWinFormsLibrary.csproj", "{E9EEDA7D-582D-4104-9684-8B14A7A5DB26}"
EndProject
Project("{FAE04EC0-301F-11D3-BF4B-00C04F79EFBC}") = "BillyardBallsWinFormsApp", "BillyardBallsWinFormsApp\BillyardBallsWinFormsApp.csproj", "{A9F5B007-F585-419D-892E-189AB9184B48}"
EndProject
Global
	GlobalSection(SolutionConfigurationPlatforms) = preSolution
		Debug|Any CPU = Debug|Any CPU
		Release|Any CPU = Release|Any CPU
	EndGlobalSection
	GlobalSection(ProjectConfigurationPlatforms) = postSolution
		{DCE91BE9-510F-4EF7-B295-40E69119FFF0}.Debug|Any CPU.ActiveCfg = Debug|Any CPU
		{DCE91BE9-510F-4EF7-B295-40E69119FFF0}.Debug|Any CPU.Build.0 = Debug|Any CPU
		{DCE91BE9-510F-4EF7-B295-40E69119FFF0}.Release|Any CPU.ActiveCfg = Release|Any CPU
		{DCE91BE9-510F-4EF7-B295-40E69119FFF0}.Release|Any CPU.Build.0 = Release|Any CPU
		{BE2E1FD0-D85E-4E14-AC33-99046BC06596}.Debug|Any CPU.ActiveCfg = Debug|Any CPU
		{BE2E1FD0-D85E-4E14-AC33-99046BC06596}.Debug|Any CPU.Build.0 = Debug|Any CPU
		{BE2E1FD0-D85E-4E14-AC33-99046BC06596}.Release|Any CPU.ActiveCfg = Release|Any CPU
		{BE2E1FD0-D85E-4E14-AC33-99046BC06596}.Release|Any CPU.Build.0 = Release|Any CPU
		{E9EEDA7D-582D-4104-9684-8B14A7A5DB26}.Debug|Any CPU.ActiveCfg = Debug|Any CPU
		{E9EEDA7D-582D-4104-9684-8B14A7A5DB26}.Debug|Any CPU.Build.0 = Debug|Any CPU
		{E9EEDA7D-582D-4104-9684-8B14A7A5DB26}.Release|Any CPU.ActiveCfg = Release|Any CPU
		{E9EEDA7D-582D-4104-9684-8B14A7A5DB26}.Release|Any CPU.Build.0 = Release|Any CPU
		{A9F5B007-F585-419D-892E-189AB9184B48}.Debug|Any CPU.ActiveCfg = Debug|Any CPU
		{A9F5B007-F585-419D-892E-189AB9184B48}.Debug|Any CPU.Build.0 = Debug|Any CPU
		{A9F5B007-F585-419D-892E-189AB9184B48}.Release|Any CPU.ActiveCfg = Release|Any CPU
		{A9F5B007-F585-419D-892E-189AB9184B48}.Release|Any CPU.Build.0 = Release|Any CPU
	EndGlobalSection
	GlobalSection(SolutionProperties) = preSolution
		HideSolutionNode = FALSE
	EndGlobalSection
	GlobalSection(ExtensibilityGlobals) = postSolution
		SolutionGuid = {4161ABFB-381C-4752-A5BC-A9ECE04C44C1}
	EndGlobalSection
EndGlobal
